{
  "nodes": {
    "flake-utils": {
      "inputs": {
        "systems": "systems"
      },
      "locked": {
        "lastModified": 1681202837,
        "narHash": "sha256-H+Rh19JDwRtpVPAWp64F+rlEtxUWBAQW28eAi3SRSzg=",
        "owner": "numtide",
        "repo": "flake-utils",
        "rev": "cfacdce06f30d2b68473a46042957675eebb3401",
        "type": "github"
      },
      "original": {
        "owner": "numtide",
        "repo": "flake-utils",
        "type": "github"
      }
    },
    "nixpkgs": {
      "locked": {
        "lastModified": 1683594133,
        "narHash": "sha256-iUhLhEAgOCnexSGDsYT2ouydis09uDoNzM7UC685XGE=",
        "owner": "nixos",
        "repo": "nixpkgs",
        "rev": "8d447c5626cfefb9b129d5b30103344377fe09bc",
        "type": "github"
      },
      "original": {
        "owner": "nixos",
        "ref": "nixpkgs-unstable",
        "repo": "nixpkgs",
        "type": "github"
      }
    },
    "nvim-surround": {
      "flake": false,
      "locked": {
        "lastModified": 1682819600,
        "narHash": "sha256-SdceJIczF8sUOoc1Zyk9HNeUHdbyq4xnh5XF6BKrsSs=",
        "owner": "kylechui",
        "repo": "nvim-surround",
        "rev": "219bd66585aa467b1c90fd01b54a2a423aaed4ab",
        "type": "github"
      },
      "original": {
        "owner": "kylechui",
        "repo": "nvim-surround",
        "type": "github"
      }
    },
    "nvim-treesitter": {
      "flake": false,
      "locked": {
        "lastModified": 1683638068,
        "narHash": "sha256-0n5gcH8nIUWaoxdjT1YWLQ5yR7YAnDlICyDIVMbrsqk=",
        "owner": "nvim-treesitter",
        "repo": "nvim-treesitter",
        "rev": "6e8ad92031ff3b07db8980ab4a5491d1c40398ea",
        "type": "github"
      },
      "original": {
        "owner": "nvim-treesitter",
        "repo": "nvim-treesitter",
        "type": "github"
      }
    },
    "nvim-treesitter-textobjects": {
      "flake": false,
      "locked": {
        "lastModified": 1683474822,
        "narHash": "sha256-SToGKAoZRFSeIrIlzw1FhBRlpgpBmjwoumndWxTW3Zs=",
        "owner": "nvim-treesitter",
        "repo": "nvim-treesitter-textobjects",
        "rev": "35a60f093fa15a303874975f963428a5cd24e4a0",
        "type": "github"
      },
      "original": {
        "owner": "nvim-treesitter",
        "repo": "nvim-treesitter-textobjects",
        "type": "github"
      }
    },
    "onedark-nvim": {
      "flake": false,
      "locked": {
        "lastModified": 1683327179,
        "narHash": "sha256-Cyzix6wdnLly7DTgVUBwervTGguc65vL5LTyyy+HDxg=",
        "owner": "navarasu",
        "repo": "onedark.nvim",
        "rev": "f6e82074761473d30a722f5d90c60282de1ac41d",
        "type": "github"
      },
      "original": {
        "owner": "navarasu",
        "repo": "onedark.nvim",
        "type": "github"
      }
    },
    "plenary": {
      "flake": false,
      "locked": {
        "lastModified": 1681122243,
        "narHash": "sha256-tG+BrCgE1L7QMbchSzjLfQfpI09uTQXbx7OeFuVEcDQ=",
        "owner": "nvim-lua",
        "repo": "plenary.nvim",
        "rev": "9ac3e9541bbabd9d73663d757e4fe48a675bb054",
        "type": "github"
      },
      "original": {
        "owner": "nvim-lua",
        "repo": "plenary.nvim",
        "type": "github"
      }
    },
    "root": {
      "inputs": {
        "flake-utils": "flake-utils",
        "nixpkgs": "nixpkgs",
        "nvim-surround": "nvim-surround",
        "nvim-treesitter": "nvim-treesitter",
        "nvim-treesitter-textobjects": "nvim-treesitter-textobjects",
        "onedark-nvim": "onedark-nvim",
        "plenary": "plenary",
        "telescope": "telescope",
        "telescope-fzf-native": "telescope-fzf-native",
        "vim-sleuth": "vim-sleuth",
        "which-key": "which-key"
      }
    },
    "systems": {
      "locked": {
        "lastModified": 1681028828,
        "narHash": "sha256-Vy1rq5AaRuLzOxct8nz4T6wlgyUR7zLU309k9mBC768=",
        "owner": "nix-systems",
        "repo": "default",
        "rev": "da67096a3b9bf56a91d16901293e51ba5b49a27e",
        "type": "github"
      },
      "original": {
        "owner": "nix-systems",
        "repo": "default",
        "type": "github"
      }
    },
    "telescope": {
      "flake": false,
      "locked": {
        "lastModified": 1683434872,
        "narHash": "sha256-7MT1sWYqzJ5gx6w3s7Ij/2mJ9KzzQYX2GmCIbmltIQY=",
        "owner": "nvim-telescope",
        "repo": "telescope.nvim",
        "rev": "d77b37f4520e5fc2cf4c74c12e42ed4b589bd367",
        "type": "github"
      },
      "original": {
        "owner": "nvim-telescope",
        "repo": "telescope.nvim",
        "type": "github"
      }
    },
    "telescope-fzf-native": {
      "flake": false,
      "locked": {
        "lastModified": 1675591864,
        "narHash": "sha256-psIJkVRHSiyuB1oX3PM4VB6ol3Ag0aYyQN/rJA6xTfo=",
        "owner": "nvim-telescope",
        "repo": "telescope-fzf-native.nvim",
        "rev": "580b6c48651cabb63455e97d7e131ed557b8c7e2",
        "type": "github"
      },
      "original": {
        "owner": "nvim-telescope",
        "repo": "telescope-fzf-native.nvim",
        "type": "github"
      }
    },
    "vim-sleuth": {
      "flake": false,
      "locked": {
        "lastModified": 1673378030,
        "narHash": "sha256-ClltfSVuoNoq5EiWRVBsGz1mrr7FbafGDdgsavLgFVE=",
        "owner": "tpope",
        "repo": "vim-sleuth",
        "rev": "1cc4557420f215d02c4d2645a748a816c220e99b",
        "type": "github"
      },
      "original": {
        "owner": "tpope",
        "repo": "vim-sleuth",
        "type": "github"
      }
    },
    "which-key": {
      "flake": false,
      "locked": {
        "lastModified": 1683210030,
        "narHash": "sha256-XoEpCdXSOeyPSQt8jtpp7gZk38tnUCHfiVuCJlw+z6Q=",
        "owner": "folke",
        "repo": "which-key.nvim",
        "rev": "af8f26bfbb61b5f722c9fbc72b296dc9db0bcfdc",
        "type": "github"
      },
      "original": {
        "owner": "folke",
        "repo": "which-key.nvim",
        "type": "github"
      }
    }
  },
  "root": "root",
  "version": 7
}
